{
  "lockfileVersion": 2,
  "configVersion": 1,
  "workspaces": {
    "": {
      "name": "vot-worker",
      "dependencies": {
        "@nirelc/microconf": "^0.0.3",
        "@vaylo/pino": "^1.0.2",
        "elysia": "^1.4.30",
        "elysia-http-status-code": "^1.0.9",
      },
      "devDependencies": {
        "bun-types": "latest",
        "oxlint": "^1.82.0",
      },
      "peerDependencies": {
        "typescript": "^6.0.3",
      },
    },
  },
  "packages": {
    "@borewit/text-codec": ["@borewit/text-codec@0.2.2", "", {}, "sha512-DDaRehssg1aNrH4+2hnj1B7vnUGEjU6OIlyRdkMd0aUdIUvKXrJfXsy8LVtXAy7DRvYVluWbMspsRhz2lcW0mQ=="],

    "@nirelc/microconf": ["@nirelc/microconf@0.0.3", "", { "dependencies": { "@nirelc/microtype": "^0.0.3" } }, "sha512-/X2aP4jtLLTpHiZcQvjrNFhlZBbFc2T0h5XX+v0UGGdddhVFq7n3ZEtzy8xtOWzHnrolOblY53QrXz3orvsU1A=="],

    "@nirelc/microtype": ["@nirelc/microtype@0.0.3", "", {}, "sha512-jvLsuBx02/LU70O323sCri+/84WnMS1CgGkXpbGWl7DN/Lae0jw7lgLe9c43pXXguKOA8hSVgJuM9kkXszjYdA=="],

    "@oxlint/binding-android-arm-eabi": ["@oxlint/binding-android-arm-eabi@1.82.0", "", { "os": "android", "cpu": "arm" }, "sha512-a3LB+C5Dsj5b/qtmG/mv5WrzuiXEpg1KF5nXWcEvaoN5TYAqkIvxPOwTPp3Jy/FoGpRo8zsTFhMElMXfeoOEzA=="],

    "@oxlint/binding-android-arm64": ["@oxlint/binding-android-arm64@1.82.0", "", { "os": "android", "cpu": "arm64" }, "sha512-OBlhRgNqFblGpGenno/aqOfJLOkQ2B8Ig3iDAalfn0H8hJGZKXPeexCRTDm6uwv6YUjSA9Xnwt1y/Bgj5ZH8uw=="],

    "@oxlint/binding-darwin-arm64": ["@oxlint/binding-darwin-arm64@1.82.0", "", { "os": "darwin", "cpu": "arm64" }, "sha512-dsopxqtY5ZdyT9uLHyGt1SyiLop6hi7hWI3PKpePodkRQOkLaCm+OE4fR9CAz9qdfjiFO8531tX/QDyP/psjFg=="],

    "@oxlint/binding-darwin-x64": ["@oxlint/binding-darwin-x64@1.82.0", "", { "os": "darwin", "cpu": "x64" }, "sha512-94Lu0SgTClKColU66g1VDuigV3HkcbkJBnTtZjGYfE8UPugaWDgKrm2icjC6HJVUYler2OXaHP/X0TBy8+CowQ=="],

    "@oxlint/binding-freebsd-x64": ["@oxlint/binding-freebsd-x64@1.82.0", "", { "os": "freebsd", "cpu": "x64" }, "sha512-hne/V06ewhh1i0w8+l7GDNROAGCGPmyFuOwiP7YTRu0JycyStJ4785dmF8xU5p0uUwt2emvIF9vc7Xjis+cJ0g=="],

    "@oxlint/binding-linux-arm-gnueabihf": ["@oxlint/binding-linux-arm-gnueabihf@1.82.0", "", { "os": "linux", "cpu": "arm" }, "sha512-aWY2xtbZf1LneW9Qsv/n2Sp8gOu74JrlQzEtj4coHX2SHFrCfhmAumaU+sI/A5nr+yoTRTSmI/pL2s6ADlNSkw=="],

    "@oxlint/binding-linux-arm-musleabihf": ["@oxlint/binding-linux-arm-musleabihf@1.82.0", "", { "os": "linux", "cpu": "arm" }, "sha512-Fe+TtXCXMh/5f7kWlZ2VAwsMumZWtraFlKVk1NJlL52/beGwfDE7ov+/8gVirHzWokzGu7X65hSPq0ucPDskWQ=="],

    "@oxlint/binding-linux-arm64-gnu": ["@oxlint/binding-linux-arm64-gnu@1.82.0", "", { "os": "linux", "cpu": "arm64" }, "sha512-6azCZ6OJudlvipNttXCCQcyeFfcJ/NvUZdSN1z8elo73kCHtyQC7WTiUcSjWYvJ1jaq9KDUyMAoAS/vNzhBomA=="],

    "@oxlint/binding-linux-arm64-musl": ["@oxlint/binding-linux-arm64-musl@1.82.0", "", { "os": "linux", "cpu": "arm64" }, "sha512-PLEaSD8IAIIlwW4dwOd9YaxuxeOpwiXL4J24rcnE4iNtyM5j9Q9/3+gti08oXpx0u2ygNjRDx9xjWWpQonuJEw=="],

    "@oxlint/binding-linux-ppc64-gnu": ["@oxlint/binding-linux-ppc64-gnu@1.82.0", "", { "os": "linux", "cpu": "ppc64" }, "sha512-D94em/BwknNTn4vqxjHh5wb2oL566eFhArabqKIr0cNZMHOJuiraFp1A8tXpH05bbE5tqwEfLXTI0MWEGtn3Dw=="],

    "@oxlint/binding-linux-riscv64-gnu": ["@oxlint/binding-linux-riscv64-gnu@1.82.0", "", { "os": "linux", "cpu": "none" }, "sha512-MOprxBaoYU2D4VgxXCl3ghydThWtx7Um1lL51kGYNeQ5Al7WzsH7/tqGdNtbLrIWnjq3bsm13+nz/gRIxjrOXw=="],

    "@oxlint/binding-linux-riscv64-musl": ["@oxlint/binding-linux-riscv64-musl@1.82.0", "", { "os": "linux", "cpu": "none" }, "sha512-5h55QsfJ/luDXZzC20k6SNOY1Az+dCP9WvntKtcUWh2JhckAdwApY2ZusaBTwLENnReXU+A2fJtSrYvZJNKNPg=="],

    "@oxlint/binding-linux-s390x-gnu": ["@oxlint/binding-linux-s390x-gnu@1.82.0", "", { "os": "linux", "cpu": "s390x" }, "sha512-IE8NJNLlHr0CaXyGJPGVn0eTkUyoj1I2UfA8x7I4PSOYKsQ/6btVC7Pywrj5onk0cMH25r6Z38SoN3AvE5Zuog=="],

    "@oxlint/binding-linux-x64-gnu": ["@oxlint/binding-linux-x64-gnu@1.82.0", "", { "os": "linux", "cpu": "x64" }, "sha512-XUUUxaBo9XKl+J1B9EmP1cTGQPddzeURvoGkfwh/94PGnbW+hBprDljneoI2M1jzC1bzrIV3ihc7iM9UXl8+tg=="],

    "@oxlint/binding-linux-x64-musl": ["@oxlint/binding-linux-x64-musl@1.82.0", "", { "os": "linux", "cpu": "x64" }, "sha512-SWLSFulX9TDuH6yvbPYp4+VNn6jkkIvvI+KiujDM5rWBRHEfkesCC/pCneIIUr6ovkxZ5fRtpi2v5Cz5FrMJZg=="],

    "@oxlint/binding-openharmony-arm64": ["@oxlint/binding-openharmony-arm64@1.82.0", "", { "os": "none", "cpu": "arm64" }, "sha512-BQy35f6ZUdNr9a6c7B7orxQTcLjByGT2z3WAgmRovpRwmPYAaJ+NTplmMzhdjdJ4qSchfMNZy/Ukg+qRg6zseQ=="],

    "@oxlint/binding-win32-arm64-msvc": ["@oxlint/binding-win32-arm64-msvc@1.82.0", "", { "os": "win32", "cpu": "arm64" }, "sha512-V4QhSTg5gctZue8RJjsGi7NpQPThr/p1/HfmiMC5kfe1KFEup9SQRVub4A6kijQjdHfxj7bLL1KO3QO7/5bwMQ=="],

    "@oxlint/binding-win32-ia32-msvc": ["@oxlint/binding-win32-ia32-msvc@1.82.0", "", { "os": "win32", "cpu": "ia32" }, "sha512-TUSCLaKB2yktpFAJ/r3HAUYsaV/3DT7JS4iNKyoh3a9YNwD0UG7Ezh4D8m23654vQcU6P/RQrCAjRPKe4peP/A=="],

    "@oxlint/binding-win32-x64-msvc": ["@oxlint/binding-win32-x64-msvc@1.82.0", "", { "os": "win32", "cpu": "x64" }, "sha512-VTVoRIWJTb+wvUX8EYoPArfFH02whuR10goFXE/LHRRX33ajRrFgqbcONXZMiF4C5rnattfkm87HqYn8jb8hmQ=="],

    "@pinojs/redact": ["@pinojs/redact@0.4.0", "", {}, "sha512-k2ENnmBugE/rzQfEcdWHcCY+/FM3VLzH9cYEsbdsoqrvzAKRhUZeRNhAZvB8OitQJ1TBed3yqWtdjzS6wJKBwg=="],

    "@sinclair/typebox": ["@sinclair/typebox@0.34.52", "", {}, "sha512-XiMQh7qqVlxZzcVD+kkGMNGMzcTrDMLWI7S4x7z1MkCkbDPrekpZXEUK0eZqZFMuHQg2a2DZOcDIh9o5v3Gonw=="],

    "@tokenizer/inflate": ["@tokenizer/inflate@0.4.1", "", { "dependencies": { "debug": "^4.4.3", "token-types": "^6.1.1" } }, "sha512-2mAv+8pkG6GIZiF1kNg1jAjh27IDxEPKwdGul3snfztFerfPGI1LjDezZp3i7BElXompqEtPmoPx6c2wgtWsOA=="],

    "@tokenizer/token": ["@tokenizer/token@0.3.0", "", {}, "sha512-OvjF+z51L3ov0OyAU0duzsYuvO01PH7x4t6DJx+guahgTnBHkhJdG7soQeTSFLWN3efnHyibZ4Z8l2EuWwJN3A=="],

    "@types/node": ["@types/node@26.5.1", "", { "dependencies": { "undici-types": "~8.9.0" } }, "sha512-CzNm2FezW4VR/LjG6yUdiEgLE/rAQ9Slj5gCu/C2VrdcW7I0ahNZ8DRbHT7zOZ6r3ONgd/bsQIeSaoDGrd1C6g=="],

    "@vaylo/pino": ["@vaylo/pino@1.0.2", "", { "dependencies": { "@sinclair/typebox": "^0.34.49", "pino": "^10.3.1", "pino-loki": "^3.0.0", "pino-pretty": "^13.1.3" }, "peerDependencies": { "typescript": "^6.0.3" } }, "sha512-jRsZUio7hB4JyKVG7Vli9rxYH9mNq8ZbEDxcBsTEagaofvJZm3AN/wIKjkwNTeH4NeMAUqatrBF1uMQsmTYulA=="],

    "atomic-sleep": ["atomic-sleep@1.0.0", "", {}, "sha512-kNOjDqAh7px0XWNI+4QbzoiR/nTkHAWNud2uvnJquD1/x5a7EQZMJT0AczqK0Qn67oY/TTQ1LbUKajZpp3I9tQ=="],

    "bun-types": ["bun-types@1.4.2", "", { "dependencies": { "@types/node": "*" } }, "sha512-bxV1FgK7yBIzjRe5zBozIM4Bem11ZJcCXSrjWRG3YWLt8yFDePu4cLjpebO8OvPeIE9trbyPF4fuj3Cia4Fj3w=="],

    "colorette": ["colorette@2.0.20", "", {}, "sha512-IfEDxwoWIjkeXL1eXcDiow4UbKjhLdq6/EuSVR9GMN7KVH3r9gQ83e73hsz1Nd1T3ijd5xv1wcWRYO+D6kCI2w=="],

    "cookie": ["cookie@1.1.1", "", {}, "sha512-ei8Aos7ja0weRpFzJnEA9UHJ/7XQmqglbRwnf2ATjcB9Wq874VKH9kfjjirM6UhU2/E5fFYadylyhFldcqSidQ=="],

    "dateformat": ["dateformat@4.6.3", "", {}, "sha512-2P0p0pFGzHS5EMnhdxQi7aJN+iMheud0UhG4dlE1DLAlvL8JHjJJTX/CSm4JXwV0Ka5nGk3zC5mcb5bUQUxxMA=="],

    "debug": ["debug@4.4.3", "", { "dependencies": { "ms": "^2.1.3" }, "peerDependencies": { "supports-color": "*" }, "optionalPeers": ["supports-color"] }, "sha512-RGwwWnwQvkVfavKVt22FGLw+xYSdzARwm0ru6DhTVA3umU5hZc28V3kO4stgYryrTlLpuvgI9GiijltAjNbcqA=="],

    "elysia": ["elysia@1.4.30", "", { "dependencies": { "cookie": "^1.1.1", "exact-mirror": "^0.2.7", "fast-decode-uri-component": "^1.0.1", "memoirist": "^0.4.0" }, "peerDependencies": { "@sinclair/typebox": ">= 0.34.0 < 1", "@types/bun": ">= 1.2.0", "file-type": ">= 20.0.0", "openapi-types": ">= 12.0.0", "typescript": ">= 5.0.0" }, "optionalPeers": ["@types/bun", "typescript"] }, "sha512-S2qqV0CbM4faB1hQQ5IYoeYnAUinjHlzRduxaBc4OoNqh0GjOc8k6tt3hv5ozWcG6Svr6hugw6JL4zNke4jwfA=="],

    "elysia-http-status-code": ["elysia-http-status-code@1.0.9", "", { "peerDependencies": { "elysia": "0.7.12", "typescript": "^5.0.0" } }, "sha512-ae+R6NInUsFbzqxjm+Fax36/cCHnnIL7MfQCx7kyCtl14D16ZwIaSbAiECttX96VGSZEX1KehWmVw/zdwc/XwA=="],

    "end-of-stream": ["end-of-stream@1.4.5", "", { "dependencies": { "once": "^1.4.0" } }, "sha512-ooEGc6HP26xXq/N+GCGOT0JKCLDGrq2bQUZrQ7gyrJiZANJ/8YDTxTpQBXGMn+WbIQXNVpyWymm7KYVICQnyOg=="],

    "exact-mirror": ["exact-mirror@0.2.7", "", { "peerDependencies": { "@sinclair/typebox": "^0.34.15" }, "optionalPeers": ["@sinclair/typebox"] }, "sha512-+MeEmDcLA4o/vjK2zujgk+1VTxPR4hdp23qLqkWfStbECtAq9gmsvQa3LW6z/0GXZyHJobrCnmy1cdeE7BjsYg=="],

    "fast-copy": ["fast-copy@4.1.1", "", {}, "sha512-A4QTJmuiztpGtr6AMeJts9R4hbj2ZBUwtOaKrG6rw2y7t6+IaJKjz5M3XDs8BUznxDH43FVc6A0y/gWlMl4UtA=="],

    "fast-decode-uri-component": ["fast-decode-uri-component@1.0.1", "", {}, "sha512-WKgKWg5eUxvRZGwW8FvfbaH7AXSh2cL+3j5fMGzUMCxWBJ3dV3a7Wz8y2f/uQ0e3B6WmodD3oS54jTQ9HVTIIg=="],

    "fast-safe-stringify": ["fast-safe-stringify@2.1.1", "", {}, "sha512-W+KJc2dmILlPplD/H4K9l9LcAHAfPtP6BY84uVLXQ6Evcz9Lcg33Y2z1IVblT6xdY54PXYVHEv+0Wpq8Io6zkA=="],

    "file-type": ["file-type@22.1.0", "", { "dependencies": { "@tokenizer/inflate": "^0.4.1", "strtok3": "^10.3.5", "token-types": "^6.1.2", "uint8array-extras": "^1.5.0" } }, "sha512-fbvf9u6jnHWr1EP6V8R99E9iLMhNLXgZkUzWBiPpJ5/89UJ/Atuxjn5YXR+XaZWo2hc2/8mGfTez+NDAgOcpLA=="],

    "help-me": ["help-me@5.0.0", "", {}, "sha512-7xgomUX6ADmcYzFik0HzAxh/73YlKR9bmFzf51CZwR+b6YtzU2m0u49hQCqV6SvlqIqsaxovfwdvbnsw3b/zpg=="],

    "ieee754": ["ieee754@1.2.1", "", {}, "sha512-dcyqhDvX1C46lXZcVqCpK+FtMRQVdIMN6/Df5js2zouUsqG7I6sFxitIC+7KYK29KdXOLHdu9zL4sFnoVQnqaA=="],

    "joycon": ["joycon@3.1.1", "", {}, "sha512-34wB/Y7MW7bzjKRjUKTa46I2Z7eV62Rkhva+KkopW7Qvv/OSWBqvkSY7vusOPrNuZcUG3tApvdVgNB8POj3SPw=="],

    "memoirist": ["memoirist@0.4.0", "", {}, "sha512-zxTgA0mSYELa66DimuNQDvyLq36AwDlTuVRbnQtB+VuTcKWm5Qc4z3WkSpgsFWHNhexqkIooqpv4hdcqrX5Nmg=="],

    "minimist": ["minimist@1.2.8", "", {}, "sha512-2yyAR8qBkN3YuheJanUpWC5U3bb5osDywNB8RzDVlDwDHbocAJveqqj1u8+SVD7jkWT4yvsHCpWqqWqAxb0zCA=="],

    "ms": ["ms@2.1.3", "", {}, "sha512-6FlzubTLZG3J2a/NVCAleEhjzq5oxgHyaCU9yYXvcLsvoVaHJq/s5xXI6/XXP6tz7R9xAOtHnSO/tXtF3WRTlA=="],

    "on-exit-leak-free": ["on-exit-leak-free@2.1.2", "", {}, "sha512-0eJJY6hXLGf1udHwfNftBqH+g73EU4B504nZeKpz1sYRKafAghwxEJunB2O7rDZkL4PGfsMVnTXZ2EjibbqcsA=="],

    "once": ["once@1.4.0", "", { "dependencies": { "wrappy": "1" } }, "sha512-lNaJgI+2Q5URQBkccEKHTQOPaXdUxnZZElQTZY0MFUAuaEqe1E+Nyvgdz/aIyNi6Z9MzO5dv1H8n58/GELp3+w=="],

    "openapi-types": ["openapi-types@12.1.3", "", {}, "sha512-N4YtSYJqghVu4iek2ZUvcN/0aqH1kRDuNqzcycDxhOUpg7GdvLa2F3DgS6yBNhInhv2r/6I0Flkn7CqL8+nIcw=="],

    "oxlint": ["oxlint@1.82.0", "", { "optionalDependencies": { "@oxlint/binding-android-arm-eabi": "1.82.0", "@oxlint/binding-android-arm64": "1.82.0", "@oxlint/binding-darwin-arm64": "1.82.0", "@oxlint/binding-darwin-x64": "1.82.0", "@oxlint/binding-freebsd-x64": "1.82.0", "@oxlint/binding-linux-arm-gnueabihf": "1.82.0", "@oxlint/binding-linux-arm-musleabihf": "1.82.0", "@oxlint/binding-linux-arm64-gnu": "1.82.0", "@oxlint/binding-linux-arm64-musl": "1.82.0", "@oxlint/binding-linux-ppc64-gnu": "1.82.0", "@oxlint/binding-linux-riscv64-gnu": "1.82.0", "@oxlint/binding-linux-riscv64-musl": "1.82.0", "@oxlint/binding-linux-s390x-gnu": "1.82.0", "@oxlint/binding-linux-x64-gnu": "1.82.0", "@oxlint/binding-linux-x64-musl": "1.82.0", "@oxlint/binding-openharmony-arm64": "1.82.0", "@oxlint/binding-win32-arm64-msvc": "1.82.0", "@oxlint/binding-win32-ia32-msvc": "1.82.0", "@oxlint/binding-win32-x64-msvc": "1.82.0" }, "peerDependencies": { "oxlint-tsgolint": ">=7.0.2001", "vite-plus": "*" }, "optionalPeers": ["oxlint-tsgolint", "vite-plus"], "bin": { "oxlint": "bin/oxlint" } }, "sha512-+iFM1BGw1ntYJt3QngbJmjbrGxPaKMUADOXOijpWGnYcBPq8YZnQftSS1C+pVcDYy9YxqDVJKQqQkTazTQMboQ=="],

    "pino": ["pino@10.3.1", "", { "dependencies": { "@pinojs/redact": "^0.4.0", "atomic-sleep": "^1.0.0", "on-exit-leak-free": "^2.1.0", "pino-abstract-transport": "^3.0.0", "pino-std-serializers": "^7.0.0", "process-warning": "^5.0.0", "quick-format-unescaped": "^4.0.3", "real-require": "^0.2.0", "safe-stable-stringify": "^2.3.1", "sonic-boom": "^4.0.1", "thread-stream": "^4.0.0" }, "bin": { "pino": "bin.js" } }, "sha512-r34yH/GlQpKZbU1BvFFqOjhISRo1MNx1tWYsYvmj6KIRHSPMT2+yHOEb1SG6NMvRoHRF0a07kCOox/9yakl1vg=="],

    "pino-abstract-transport": ["pino-abstract-transport@3.0.0", "", { "dependencies": { "split2": "^4.0.0" } }, "sha512-wlfUczU+n7Hy/Ha5j9a/gZNy7We5+cXp8YL+X+PG8S0KXxw7n/JXA3c46Y0zQznIJ83URJiwy7Lh56WLokNuxg=="],

    "pino-loki": ["pino-loki@3.0.0", "", { "dependencies": { "pino-abstract-transport": "^3.0.0", "pump": "^3.0.3" }, "bin": { "pino-loki": "dist/cli.mjs" } }, "sha512-9TyUW5syTjp2nT70QcijJtIWUzdYUj+olQ7+fWNfm1/HrDGEWt86Q4ACzClH6DM6GBwtQimRDgneNczP+p4ypA=="],

    "pino-pretty": ["pino-pretty@13.1.3", "", { "dependencies": { "colorette": "^2.0.7", "dateformat": "^4.6.3", "fast-copy": "^4.0.0", "fast-safe-stringify": "^2.1.1", "help-me": "^5.0.0", "joycon": "^3.1.1", "minimist": "^1.2.6", "on-exit-leak-free": "^2.1.0", "pino-abstract-transport": "^3.0.0", "pump": "^3.0.0", "secure-json-parse": "^4.0.0", "sonic-boom": "^4.0.1", "strip-json-comments": "^5.0.2" }, "bin": { "pino-pretty": "bin.js" } }, "sha512-ttXRkkOz6WWC95KeY9+xxWL6AtImwbyMHrL1mSwqwW9u+vLp/WIElvHvCSDg0xO/Dzrggz1zv3rN5ovTRVowKg=="],

    "pino-std-serializers": ["pino-std-serializers@7.1.0", "", {}, "sha512-BndPH67/JxGExRgiX1dX0w1FvZck5Wa4aal9198SrRhZjH3GxKQUKIBnYJTdj2HDN3UQAS06HlfcSbQj2OHmaw=="],

    "process-warning": ["process-warning@5.1.0", "", {}, "sha512-jQSaVHsPgtyw60e1rQ/A+/ArPEj/S8pS/vFnyGa/gYFXrKk/6RuDkoqVDQ5NI5MmS01698ltlAk0NoDBNLujRw=="],

    "pump": ["pump@3.0.4", "", { "dependencies": { "end-of-stream": "^1.1.0", "once": "^1.3.1" } }, "sha512-VS7sjc6KR7e1ukRFhQSY5LM2uBWAUPiOPa/A3mkKmiMwSmRFUITt0xuj+/lesgnCv+dPIEYlkzrcyXgquIHMcA=="],

    "quick-format-unescaped": ["quick-format-unescaped@4.0.4", "", {}, "sha512-tYC1Q1hgyRuHgloV/YXs2w15unPVh8qfu/qCTfhTYamaw7fyhumKa2yGpdSo87vY32rIclj+4fWYQXUMs9EHvg=="],

    "real-require": ["real-require@0.2.0", "", {}, "sha512-57frrGM/OCTLqLOAh0mhVA9VBMHd+9U7Zb2THMGdBUoZVOtGbJzjxsYGDJ3A9AYYCP4hn6y1TVbaOfzWtm5GFg=="],

    "safe-stable-stringify": ["safe-stable-stringify@2.5.0", "", {}, "sha512-b3rppTKm9T+PsVCBEOUR46GWI7fdOs00VKZ1+9c1EWDaDMvjQc6tUwuFyIprgGgTcWoVHSKrU8H31ZHA2e0RHA=="],

    "secure-json-parse": ["secure-json-parse@4.1.0", "", {}, "sha512-l4KnYfEyqYJxDwlNVyRfO2E4NTHfMKAWdUuA8J0yve2Dz/E/PdBepY03RvyJpssIpRFwJoCD55wA+mEDs6ByWA=="],

    "sonic-boom": ["sonic-boom@4.2.1", "", { "dependencies": { "atomic-sleep": "^1.0.0" } }, "sha512-w6AxtubXa2wTXAUsZMMWERrsIRAdrK0Sc+FUytWvYAhBJLyuI4llrMIC1DtlNSdI99EI86KZum2MMq3EAZlF9Q=="],

    "split2": ["split2@4.2.0", "", {}, "sha512-UcjcJOWknrNkF6PLX83qcHM6KHgVKNkV62Y8a5uYDVv9ydGQVwAHMKqHdJje1VTWpljG0WYpCDhrCdAOYH4TWg=="],

    "strip-json-comments": ["strip-json-comments@5.0.3", "", {}, "sha512-1tB5mhVo7U+ETBKNf92xT4hrQa3pm0MZ0PQvuDnWgAAGHDsfp4lPSpiS6psrSiet87wyGPh9ft6wmhOMQ0hDiw=="],

    "strtok3": ["strtok3@10.3.5", "", { "dependencies": { "@tokenizer/token": "^0.3.0" } }, "sha512-ki4hZQfh5rX0QDLLkOCj+h+CVNkqmp/CMf8v8kZpkNVK6jGQooMytqzLZYUVYIZcFZ6yDB70EfD8POcFXiF5oA=="],

    "thread-stream": ["thread-stream@4.2.0", "", { "dependencies": { "real-require": "^1.0.0" } }, "sha512-e2zZ96wSChazBsbENf/Pcm/4swHt2cEKQ92rhUjkL9GCKiTDJIaTBenjE/m9DXi0QBmTMDkFDdOomUy20A1tDQ=="],

    "token-types": ["token-types@6.1.2", "", { "dependencies": { "@borewit/text-codec": "^0.2.1", "@tokenizer/token": "^0.3.0", "ieee754": "^1.2.1" } }, "sha512-dRXchy+C0IgK8WPC6xvCHFRIWYUbqqdEIKPaKo/AcTUNzwLTK6AH7RjdLWsEZcAN/TBdtfUw3PYEgPr5VPr6ww=="],

    "typescript": ["typescript@6.0.3", "", { "bin": { "tsc": "bin/tsc", "tsserver": "bin/tsserver" } }, "sha512-y2TvuxSZPDyQakkFRPZHKFm+KKVqIisdg9/CZwm9ftvKXLP8NRWj38/ODjNbr43SsoXqNuAisEf1GdCxqWcdBw=="],

    "uint8array-extras": ["uint8array-extras@1.5.0", "", {}, "sha512-rvKSBiC5zqCCiDZ9kAOszZcDvdAHwwIKJG33Ykj43OKcWsnmcBRL09YTU4nOeHZ8Y2a7l1MgTd08SBe9A8Qj6A=="],

    "undici-types": ["undici-types@8.9.0", "", {}, "sha512-KTDyRTYX8sWmKXAikPHHSyc63CRPETMctyjKFupcC6OBLXT3xsN0e9aF7m+mIXutFWpUXuedtowG7iLOzp0kQg=="],

    "wrappy": ["wrappy@1.0.2", "", {}, "sha512-l4Sp/DRseor9wL6EvV2+TuQn63dMkPjZ/sp9XkghTEbV9KlPS1xUsZ3u7/IQO4wxtcFB4bgpQPRcR3QCvezPcQ=="],

    "thread-stream/real-require": ["real-require@1.0.0", "", {}, "sha512-P4nbQYQfePJxRSmY+v/KINxVucm4NF3p3s7pJveMTtom52FR4YGltUQLB8idDXwDDWW+eYrWDFbuzUnjoWHF7g=="],
  }
}
